dependencies:
- name: iam
  repository: file://charts/iam
  version: 0.1.0
- name: postgres
  repository: file://charts/postgres
  version: 0.1.0
- name: ai
  repository: file://charts/ai
  version: 0.1.0
- name: friend
  repository: file://charts/friend
  version: 0.1.0
digest: sha256:f59ac072e5b8983b878f7922c13384fd146ab228edce8d8621382e2e6cbfafcb
generated: "2026-06-06T11:09:12.288515+03:00"
